
Microsoft Visual Studio Solution File, Format Version 12.00
# Visual Studio Version 17
VisualStudioVersion = 17.0.31717.71
MinimumVisualStudioVersion = 10.0.40219.1
Project("{2150E333-8FDC-42A3-9474-1A3956D46DE8}") = "CommonUtilities", "CommonUtilities", "{9CD34E8E-2082-46F9-B7EE-3DD4D1385B04}"
EndProject
Project("{9A19103F-16F7-4668-BE54-9A1E7A4F7556}") = "CommonUtilities", "src\CommonUtilities\src\CommonUtilities.csproj", "{59CB2F45-CC0C-46C3-B6D6-581A7C123295}"
EndProject
Project("{9A19103F-16F7-4668-BE54-9A1E7A4F7556}") = "CommonUtilities.Test", "src\CommonUtilities\test\CommonUtilities.Test.csproj", "{EAEF69D0-BA59-4397-ABC0-5E7ED397FDB4}"
EndProject
Project("{2150E333-8FDC-42A3-9474-1A3956D46DE8}") = "CommonUtilities.FileSystem", "CommonUtilities.FileSystem", "{6DC3D9F6-3394-46E3-B582-6A022FCCE397}"
EndProject
Project("{9A19103F-16F7-4668-BE54-9A1E7A4F7556}") = "Commonutilities.FileSystem", "src\CommonUtilities.FileSystem\src\Commonutilities.FileSystem.csproj", "{629247FB-648B-4F7D-9039-15D74102B4C5}"
EndProject
Project("{9A19103F-16F7-4668-BE54-9A1E7A4F7556}") = "Commonutilities.FileSystem.Test", "src\CommonUtilities.FileSystem\test\Commonutilities.FileSystem.Test.csproj", "{C6AB748E-AEC2-4793-A8D6-F91F46CE098C}"
EndProject
Project("{2150E333-8FDC-42A3-9474-1A3956D46DE8}") = "CommonUtilities.FileSystem.Windows", "CommonUtilities.FileSystem.Windows", "{CDAA5843-26C4-4A5F-A828-6FCF74BD4DF1}"
EndProject
Project("{9A19103F-16F7-4668-BE54-9A1E7A4F7556}") = "Commonutilities.FileSystem.Windows", "src\CommonUtilities.FileSystem.Windows\src\Commonutilities.FileSystem.Windows.csproj", "{2FCE23D6-D326-4614-9415-E339E107579A}"
EndProject
Project("{9A19103F-16F7-4668-BE54-9A1E7A4F7556}") = "Commonutilities.FileSystem.Windows.Test", "src\CommonUtilities.FileSystem.Windows\test\Commonutilities.FileSystem.Windows.Test.csproj", "{FD1136F8-6D41-4398-941A-CC7640840C81}"
EndProject
Global
	GlobalSection(SolutionConfigurationPlatforms) = preSolution
		Debug|Any CPU = Debug|Any CPU
		Release|Any CPU = Release|Any CPU
	EndGlobalSection
	GlobalSection(ProjectConfigurationPlatforms) = postSolution
		{59CB2F45-CC0C-46C3-B6D6-581A7C123295}.Debug|Any CPU.ActiveCfg = Debug|Any CPU
		{59CB2F45-CC0C-46C3-B6D6-581A7C123295}.Debug|Any CPU.Build.0 = Debug|Any CPU
		{59CB2F45-CC0C-46C3-B6D6-581A7C123295}.Release|Any CPU.ActiveCfg = Release|Any CPU
		{59CB2F45-CC0C-46C3-B6D6-581A7C123295}.Release|Any CPU.Build.0 = Release|Any CPU
		{EAEF69D0-BA59-4397-ABC0-5E7ED397FDB4}.Debug|Any CPU.ActiveCfg = Debug|Any CPU
		{EAEF69D0-BA59-4397-ABC0-5E7ED397FDB4}.Debug|Any CPU.Build.0 = Debug|Any CPU
		{EAEF69D0-BA59-4397-ABC0-5E7ED397FDB4}.Release|Any CPU.ActiveCfg = Release|Any CPU
		{EAEF69D0-BA59-4397-ABC0-5E7ED397FDB4}.Release|Any CPU.Build.0 = Release|Any CPU
		{629247FB-648B-4F7D-9039-15D74102B4C5}.Debug|Any CPU.ActiveCfg = Debug|Any CPU
		{629247FB-648B-4F7D-9039-15D74102B4C5}.Debug|Any CPU.Build.0 = Debug|Any CPU
		{629247FB-648B-4F7D-9039-15D74102B4C5}.Release|Any CPU.ActiveCfg = Release|Any CPU
		{629247FB-648B-4F7D-9039-15D74102B4C5}.Release|Any CPU.Build.0 = Release|Any CPU
		{C6AB748E-AEC2-4793-A8D6-F91F46CE098C}.Debug|Any CPU.ActiveCfg = Debug|Any CPU
		{C6AB748E-AEC2-4793-A8D6-F91F46CE098C}.Debug|Any CPU.Build.0 = Debug|Any CPU
		{C6AB748E-AEC2-4793-A8D6-F91F46CE098C}.Release|Any CPU.ActiveCfg = Release|Any CPU
		{C6AB748E-AEC2-4793-A8D6-F91F46CE098C}.Release|Any CPU.Build.0 = Release|Any CPU
		{2FCE23D6-D326-4614-9415-E339E107579A}.Debug|Any CPU.ActiveCfg = Debug|Any CPU
		{2FCE23D6-D326-4614-9415-E339E107579A}.Debug|Any CPU.Build.0 = Debug|Any CPU
		{2FCE23D6-D326-4614-9415-E339E107579A}.Release|Any CPU.ActiveCfg = Release|Any CPU
		{2FCE23D6-D326-4614-9415-E339E107579A}.Release|Any CPU.Build.0 = Release|Any CPU
		{FD1136F8-6D41-4398-941A-CC7640840C81}.Debug|Any CPU.ActiveCfg = Debug|Any CPU
		{FD1136F8-6D41-4398-941A-CC7640840C81}.Debug|Any CPU.Build.0 = Debug|Any CPU
		{FD1136F8-6D41-4398-941A-CC7640840C81}.Release|Any CPU.ActiveCfg = Release|Any CPU
		{FD1136F8-6D41-4398-941A-CC7640840C81}.Release|Any CPU.Build.0 = Release|Any CPU
	EndGlobalSection
	GlobalSection(SolutionProperties) = preSolution
		HideSolutionNode = FALSE
	EndGlobalSection
	GlobalSection(NestedProjects) = preSolution
		{59CB2F45-CC0C-46C3-B6D6-581A7C123295} = {9CD34E8E-2082-46F9-B7EE-3DD4D1385B04}
		{EAEF69D0-BA59-4397-ABC0-5E7ED397FDB4} = {9CD34E8E-2082-46F9-B7EE-3DD4D1385B04}
		{629247FB-648B-4F7D-9039-15D74102B4C5} = {6DC3D9F6-3394-46E3-B582-6A022FCCE397}
		{C6AB748E-AEC2-4793-A8D6-F91F46CE098C} = {6DC3D9F6-3394-46E3-B582-6A022FCCE397}
		{2FCE23D6-D326-4614-9415-E339E107579A} = {CDAA5843-26C4-4A5F-A828-6FCF74BD4DF1}
		{FD1136F8-6D41-4398-941A-CC7640840C81} = {CDAA5843-26C4-4A5F-A828-6FCF74BD4DF1}
	EndGlobalSection
	GlobalSection(ExtensibilityGlobals) = postSolution
		SolutionGuid = {FAF1C2A9-02FC-459D-BE1E-BDB46E72F077}
	EndGlobalSection
EndGlobal
