
Microsoft Visual Studio Solution File, Format Version 12.00
# Visual Studio Version 17
VisualStudioVersion = 17.0.31717.71
MinimumVisualStudioVersion = 10.0.40219.1
Project("{2150E333-8FDC-42A3-9474-1A3956D46DE8}") = "CommonUtilities", "CommonUtilities", "{9CD34E8E-2082-46F9-B7EE-3DD4D1385B04}"
EndProject
Project("{9A19103F-16F7-4668-BE54-9A1E7A4F7556}") = "CommonUtilities", "src\CommonUtilities\src\CommonUtilities.csproj", "{59CB2F45-CC0C-46C3-B6D6-581A7C123295}"
EndProject
Project("{9A19103F-16F7-4668-BE54-9A1E7A4F7556}") = "CommonUtilities.Test", "src\CommonUtilities\test\CommonUtilities.Test.csproj", "{EAEF69D0-BA59-4397-ABC0-5E7ED397FDB4}"
EndProject
Global
	GlobalSection(SolutionConfigurationPlatforms) = preSolution
		Debug|Any CPU = Debug|Any CPU
		Release|Any CPU = Release|Any CPU
	EndGlobalSection
	GlobalSection(ProjectConfigurationPlatforms) = postSolution
		{59CB2F45-CC0C-46C3-B6D6-581A7C123295}.Debug|Any CPU.ActiveCfg = Debug|Any CPU
		{59CB2F45-CC0C-46C3-B6D6-581A7C123295}.Debug|Any CPU.Build.0 = Debug|Any CPU
		{59CB2F45-CC0C-46C3-B6D6-581A7C123295}.Release|Any CPU.ActiveCfg = Release|Any CPU
		{59CB2F45-CC0C-46C3-B6D6-581A7C123295}.Release|Any CPU.Build.0 = Release|Any CPU
		{EAEF69D0-BA59-4397-ABC0-5E7ED397FDB4}.Debug|Any CPU.ActiveCfg = Debug|Any CPU
		{EAEF69D0-BA59-4397-ABC0-5E7ED397FDB4}.Debug|Any CPU.Build.0 = Debug|Any CPU
		{EAEF69D0-BA59-4397-ABC0-5E7ED397FDB4}.Release|Any CPU.ActiveCfg = Release|Any CPU
		{EAEF69D0-BA59-4397-ABC0-5E7ED397FDB4}.Release|Any CPU.Build.0 = Release|Any CPU
	EndGlobalSection
	GlobalSection(SolutionProperties) = preSolution
		HideSolutionNode = FALSE
	EndGlobalSection
	GlobalSection(NestedProjects) = preSolution
		{59CB2F45-CC0C-46C3-B6D6-581A7C123295} = {9CD34E8E-2082-46F9-B7EE-3DD4D1385B04}
		{EAEF69D0-BA59-4397-ABC0-5E7ED397FDB4} = {9CD34E8E-2082-46F9-B7EE-3DD4D1385B04}
	EndGlobalSection
	GlobalSection(ExtensibilityGlobals) = postSolution
		SolutionGuid = {FAF1C2A9-02FC-459D-BE1E-BDB46E72F077}
	EndGlobalSection
EndGlobal
