
Microsoft Visual Studio Solution File, Format Version 12.00
# Visual Studio Version 17
VisualStudioVersion = 17.0.31717.71
MinimumVisualStudioVersion = 10.0.40219.1
Project("{2150E333-8FDC-42A3-9474-1A3956D46DE8}") = "CommonUtilities", "CommonUtilities", "{9CD34E8E-2082-46F9-B7EE-3DD4D1385B04}"
EndProject
Project("{9A19103F-16F7-4668-BE54-9A1E7A4F7556}") = "CommonUtilities", "src\CommonUtilities\src\CommonUtilities.csproj", "{59CB2F45-CC0C-46C3-B6D6-581A7C123295}"
EndProject
Project("{9A19103F-16F7-4668-BE54-9A1E7A4F7556}") = "CommonUtilities.Test", "src\CommonUtilities\test\CommonUtilities.Test.csproj", "{EAEF69D0-BA59-4397-ABC0-5E7ED397FDB4}"
EndProject
Project("{2150E333-8FDC-42A3-9474-1A3956D46DE8}") = "CommonUtilities.FileSystem", "CommonUtilities.FileSystem", "{6DC3D9F6-3394-46E3-B582-6A022FCCE397}"
EndProject
Project("{9A19103F-16F7-4668-BE54-9A1E7A4F7556}") = "Commonutilities.FileSystem", "src\CommonUtilities.FileSystem\src\Commonutilities.FileSystem.csproj", "{629247FB-648B-4F7D-9039-15D74102B4C5}"
EndProject
Project("{9A19103F-16F7-4668-BE54-9A1E7A4F7556}") = "CommonUtilities.FileSystem.Test", "src\CommonUtilities.FileSystem\test\CommonUtilities.FileSystem.Test.csproj", "{C6AB748E-AEC2-4793-A8D6-F91F46CE098C}"
EndProject
Project("{2150E333-8FDC-42A3-9474-1A3956D46DE8}") = "CommonUtilities.Registry", "CommonUtilities.Registry", "{EDF446DD-BE04-4FE2-93A5-6171A0EC8C82}"
EndProject
Project("{9A19103F-16F7-4668-BE54-9A1E7A4F7556}") = "CommonUtilities.Registry", "src\CommonUtilities.Registry\src\CommonUtilities.Registry.csproj", "{2BE46A1C-8D01-422D-8FD5-A2885305A92D}"
EndProject
Project("{9A19103F-16F7-4668-BE54-9A1E7A4F7556}") = "CommonUtilities.Registry.Test", "src\CommonUtilities.Registry\test\CommonUtilities.Registry.Test.csproj", "{375178FD-0D91-43B7-A731-1419808718E5}"
EndProject
Project("{2150E333-8FDC-42A3-9474-1A3956D46DE8}") = "CommonUtilities.Xml", "CommonUtilities.Xml", "{66BF9E7D-0EFE-4E04-B49C-0ED40AB64054}"
EndProject
Project("{9A19103F-16F7-4668-BE54-9A1E7A4F7556}") = "CommonUtilities.Xml", "src\CommonUtilities.Xml\src\CommonUtilities.Xml.csproj", "{97CFF539-4FDF-4822-B20F-C8A47615CD89}"
EndProject
Project("{2150E333-8FDC-42A3-9474-1A3956D46DE8}") = "CommonUtilities.DownloadManager", "CommonUtilities.DownloadManager", "{F306B877-4E2C-4D6F-BF68-96D2BD23FB69}"
EndProject
Project("{9A19103F-16F7-4668-BE54-9A1E7A4F7556}") = "CommonUtilities.DownloadManager", "src\CommonUtilities.DownloadManager\src\CommonUtilities.DownloadManager.csproj", "{9F9E1DA3-E4DC-4590-A3BF-09AA9286271E}"
EndProject
Project("{9A19103F-16F7-4668-BE54-9A1E7A4F7556}") = "CommonUtilities.DownloadManager.Test", "src\CommonUtilities.DownloadManager\test\CommonUtilities.DownloadManager.Test.csproj", "{B67F61B6-489C-4036-9380-8B8DB45AB295}"
EndProject
Project("{2150E333-8FDC-42A3-9474-1A3956D46DE8}") = "CommonUtilities.SimplePipeline", "CommonUtilities.SimplePipeline", "{9D9B958B-7495-4614-8D0D-47587C8FEBC4}"
EndProject
Project("{9A19103F-16F7-4668-BE54-9A1E7A4F7556}") = "CommonUtilities.SimplePipeline", "src\CommonUtilities.SimplePipeline\src\CommonUtilities.SimplePipeline.csproj", "{283BBAA8-482D-4DB5-9707-3F325D2AE41F}"
EndProject
Project("{9A19103F-16F7-4668-BE54-9A1E7A4F7556}") = "CommonUtilities.SimplePipeline.Test", "src\CommonUtilities.SimplePipeline\test\CommonUtilities.SimplePipeline.Test.csproj", "{C8BF3F01-B1D5-4C29-9164-6DC7B9744589}"
EndProject
Project("{9A19103F-16F7-4668-BE54-9A1E7A4F7556}") = "CommonUtilities.TestingUtilities", "src\CommonUtilities.TestingUtilities\CommonUtilities.TestingUtilities.csproj", "{99A3B9B4-6482-410A-A001-9D62F4B259CC}"
EndProject
Global
	GlobalSection(SolutionConfigurationPlatforms) = preSolution
		Debug|Any CPU = Debug|Any CPU
		Release|Any CPU = Release|Any CPU
	EndGlobalSection
	GlobalSection(ProjectConfigurationPlatforms) = postSolution
		{59CB2F45-CC0C-46C3-B6D6-581A7C123295}.Debug|Any CPU.ActiveCfg = Debug|Any CPU
		{59CB2F45-CC0C-46C3-B6D6-581A7C123295}.Debug|Any CPU.Build.0 = Debug|Any CPU
		{59CB2F45-CC0C-46C3-B6D6-581A7C123295}.Release|Any CPU.ActiveCfg = Release|Any CPU
		{59CB2F45-CC0C-46C3-B6D6-581A7C123295}.Release|Any CPU.Build.0 = Release|Any CPU
		{EAEF69D0-BA59-4397-ABC0-5E7ED397FDB4}.Debug|Any CPU.ActiveCfg = Debug|Any CPU
		{EAEF69D0-BA59-4397-ABC0-5E7ED397FDB4}.Debug|Any CPU.Build.0 = Debug|Any CPU
		{EAEF69D0-BA59-4397-ABC0-5E7ED397FDB4}.Release|Any CPU.ActiveCfg = Release|Any CPU
		{EAEF69D0-BA59-4397-ABC0-5E7ED397FDB4}.Release|Any CPU.Build.0 = Release|Any CPU
		{629247FB-648B-4F7D-9039-15D74102B4C5}.Debug|Any CPU.ActiveCfg = Debug|Any CPU
		{629247FB-648B-4F7D-9039-15D74102B4C5}.Debug|Any CPU.Build.0 = Debug|Any CPU
		{629247FB-648B-4F7D-9039-15D74102B4C5}.Release|Any CPU.ActiveCfg = Release|Any CPU
		{629247FB-648B-4F7D-9039-15D74102B4C5}.Release|Any CPU.Build.0 = Release|Any CPU
		{C6AB748E-AEC2-4793-A8D6-F91F46CE098C}.Debug|Any CPU.ActiveCfg = Debug|Any CPU
		{C6AB748E-AEC2-4793-A8D6-F91F46CE098C}.Debug|Any CPU.Build.0 = Debug|Any CPU
		{C6AB748E-AEC2-4793-A8D6-F91F46CE098C}.Release|Any CPU.ActiveCfg = Release|Any CPU
		{C6AB748E-AEC2-4793-A8D6-F91F46CE098C}.Release|Any CPU.Build.0 = Release|Any CPU
		{2BE46A1C-8D01-422D-8FD5-A2885305A92D}.Debug|Any CPU.ActiveCfg = Debug|Any CPU
		{2BE46A1C-8D01-422D-8FD5-A2885305A92D}.Debug|Any CPU.Build.0 = Debug|Any CPU
		{2BE46A1C-8D01-422D-8FD5-A2885305A92D}.Release|Any CPU.ActiveCfg = Release|Any CPU
		{2BE46A1C-8D01-422D-8FD5-A2885305A92D}.Release|Any CPU.Build.0 = Release|Any CPU
		{375178FD-0D91-43B7-A731-1419808718E5}.Debug|Any CPU.ActiveCfg = Debug|Any CPU
		{375178FD-0D91-43B7-A731-1419808718E5}.Debug|Any CPU.Build.0 = Debug|Any CPU
		{375178FD-0D91-43B7-A731-1419808718E5}.Release|Any CPU.ActiveCfg = Release|Any CPU
		{375178FD-0D91-43B7-A731-1419808718E5}.Release|Any CPU.Build.0 = Release|Any CPU
		{97CFF539-4FDF-4822-B20F-C8A47615CD89}.Debug|Any CPU.ActiveCfg = Debug|Any CPU
		{97CFF539-4FDF-4822-B20F-C8A47615CD89}.Debug|Any CPU.Build.0 = Debug|Any CPU
		{97CFF539-4FDF-4822-B20F-C8A47615CD89}.Release|Any CPU.ActiveCfg = Release|Any CPU
		{97CFF539-4FDF-4822-B20F-C8A47615CD89}.Release|Any CPU.Build.0 = Release|Any CPU
		{9F9E1DA3-E4DC-4590-A3BF-09AA9286271E}.Debug|Any CPU.ActiveCfg = Debug|Any CPU
		{9F9E1DA3-E4DC-4590-A3BF-09AA9286271E}.Debug|Any CPU.Build.0 = Debug|Any CPU
		{9F9E1DA3-E4DC-4590-A3BF-09AA9286271E}.Release|Any CPU.ActiveCfg = Release|Any CPU
		{9F9E1DA3-E4DC-4590-A3BF-09AA9286271E}.Release|Any CPU.Build.0 = Release|Any CPU
		{B67F61B6-489C-4036-9380-8B8DB45AB295}.Debug|Any CPU.ActiveCfg = Debug|Any CPU
		{B67F61B6-489C-4036-9380-8B8DB45AB295}.Debug|Any CPU.Build.0 = Debug|Any CPU
		{B67F61B6-489C-4036-9380-8B8DB45AB295}.Release|Any CPU.ActiveCfg = Release|Any CPU
		{B67F61B6-489C-4036-9380-8B8DB45AB295}.Release|Any CPU.Build.0 = Release|Any CPU
		{283BBAA8-482D-4DB5-9707-3F325D2AE41F}.Debug|Any CPU.ActiveCfg = Debug|Any CPU
		{283BBAA8-482D-4DB5-9707-3F325D2AE41F}.Debug|Any CPU.Build.0 = Debug|Any CPU
		{283BBAA8-482D-4DB5-9707-3F325D2AE41F}.Release|Any CPU.ActiveCfg = Release|Any CPU
		{283BBAA8-482D-4DB5-9707-3F325D2AE41F}.Release|Any CPU.Build.0 = Release|Any CPU
		{C8BF3F01-B1D5-4C29-9164-6DC7B9744589}.Debug|Any CPU.ActiveCfg = Debug|Any CPU
		{C8BF3F01-B1D5-4C29-9164-6DC7B9744589}.Debug|Any CPU.Build.0 = Debug|Any CPU
		{C8BF3F01-B1D5-4C29-9164-6DC7B9744589}.Release|Any CPU.ActiveCfg = Release|Any CPU
		{C8BF3F01-B1D5-4C29-9164-6DC7B9744589}.Release|Any CPU.Build.0 = Release|Any CPU
		{99A3B9B4-6482-410A-A001-9D62F4B259CC}.Debug|Any CPU.ActiveCfg = Debug|Any CPU
		{99A3B9B4-6482-410A-A001-9D62F4B259CC}.Debug|Any CPU.Build.0 = Debug|Any CPU
		{99A3B9B4-6482-410A-A001-9D62F4B259CC}.Release|Any CPU.ActiveCfg = Release|Any CPU
		{99A3B9B4-6482-410A-A001-9D62F4B259CC}.Release|Any CPU.Build.0 = Release|Any CPU
	EndGlobalSection
	GlobalSection(SolutionProperties) = preSolution
		HideSolutionNode = FALSE
	EndGlobalSection
	GlobalSection(NestedProjects) = preSolution
		{59CB2F45-CC0C-46C3-B6D6-581A7C123295} = {9CD34E8E-2082-46F9-B7EE-3DD4D1385B04}
		{EAEF69D0-BA59-4397-ABC0-5E7ED397FDB4} = {9CD34E8E-2082-46F9-B7EE-3DD4D1385B04}
		{629247FB-648B-4F7D-9039-15D74102B4C5} = {6DC3D9F6-3394-46E3-B582-6A022FCCE397}
		{C6AB748E-AEC2-4793-A8D6-F91F46CE098C} = {6DC3D9F6-3394-46E3-B582-6A022FCCE397}
		{2BE46A1C-8D01-422D-8FD5-A2885305A92D} = {EDF446DD-BE04-4FE2-93A5-6171A0EC8C82}
		{375178FD-0D91-43B7-A731-1419808718E5} = {EDF446DD-BE04-4FE2-93A5-6171A0EC8C82}
		{97CFF539-4FDF-4822-B20F-C8A47615CD89} = {66BF9E7D-0EFE-4E04-B49C-0ED40AB64054}
		{9F9E1DA3-E4DC-4590-A3BF-09AA9286271E} = {F306B877-4E2C-4D6F-BF68-96D2BD23FB69}
		{B67F61B6-489C-4036-9380-8B8DB45AB295} = {F306B877-4E2C-4D6F-BF68-96D2BD23FB69}
		{283BBAA8-482D-4DB5-9707-3F325D2AE41F} = {9D9B958B-7495-4614-8D0D-47587C8FEBC4}
		{C8BF3F01-B1D5-4C29-9164-6DC7B9744589} = {9D9B958B-7495-4614-8D0D-47587C8FEBC4}
	EndGlobalSection
	GlobalSection(ExtensibilityGlobals) = postSolution
		SolutionGuid = {FAF1C2A9-02FC-459D-BE1E-BDB46E72F077}
	EndGlobalSection
EndGlobal
